
Microsoft Visual Studio Solution File, Format Version 12.00
# Visual Studio 15
VisualStudioVersion = 15.0.27004.2002
MinimumVisualStudioVersion = 10.0.40219.1
Project("{8BC9CEB8-8B4A-11D0-8D11-00A0C91BC942}") = "Binarization", "Binarization\Binarization.vcxproj", "{AA3B4CE4-0031-47F5-AD4B-933D9E912DFB}"
EndProject
Project("{8BC9CEB8-8B4A-11D0-8D11-00A0C91BC942}") = "Binarization.UnitTests", "Binarization\UnitTests\UnitTests.vcxproj", "{3F5B603C-C917-47FA-AB92-66E4E31E8061}"
EndProject
Project("{8BC9CEB8-8B4A-11D0-8D11-00A0C91BC942}") = "PerformanceMetrics", "Demo\PerformanceMetrics\PerformanceMetrics.vcxproj", "{0655A226-2A76-47A8-9111-C472C8F7BFDD}"
EndProject
Project("{8BC9CEB8-8B4A-11D0-8D11-00A0C91BC942}") = "Kumite", "Demo\Kumite\Kumite.vcxproj", "{068422A7-B2D0-44CA-BD41-A01960717945}"
EndProject
Project("{8BC9CEB8-8B4A-11D0-8D11-00A0C91BC942}") = "BinaryImageConverter", "Demo\BinaryImageConverter\BinaryImageConverter.vcxproj", "{9D1DEE35-01EF-4174-A7E9-FBBB7F9BC099}"
EndProject
Global
	GlobalSection(SolutionConfigurationPlatforms) = preSolution
		Debug|x64 = Debug|x64
		Release|x64 = Release|x64
	EndGlobalSection
	GlobalSection(ProjectConfigurationPlatforms) = postSolution
		{AA3B4CE4-0031-47F5-AD4B-933D9E912DFB}.Debug|x64.ActiveCfg = Debug|x64
		{AA3B4CE4-0031-47F5-AD4B-933D9E912DFB}.Debug|x64.Build.0 = Debug|x64
		{AA3B4CE4-0031-47F5-AD4B-933D9E912DFB}.Release|x64.ActiveCfg = Release|x64
		{AA3B4CE4-0031-47F5-AD4B-933D9E912DFB}.Release|x64.Build.0 = Release|x64
		{3F5B603C-C917-47FA-AB92-66E4E31E8061}.Debug|x64.ActiveCfg = Debug|x64
		{3F5B603C-C917-47FA-AB92-66E4E31E8061}.Debug|x64.Build.0 = Debug|x64
		{3F5B603C-C917-47FA-AB92-66E4E31E8061}.Release|x64.ActiveCfg = Release|x64
		{3F5B603C-C917-47FA-AB92-66E4E31E8061}.Release|x64.Build.0 = Release|x64
		{0655A226-2A76-47A8-9111-C472C8F7BFDD}.Debug|x64.ActiveCfg = Debug|x64
		{0655A226-2A76-47A8-9111-C472C8F7BFDD}.Debug|x64.Build.0 = Debug|x64
		{0655A226-2A76-47A8-9111-C472C8F7BFDD}.Release|x64.ActiveCfg = Release|x64
		{0655A226-2A76-47A8-9111-C472C8F7BFDD}.Release|x64.Build.0 = Release|x64
		{068422A7-B2D0-44CA-BD41-A01960717945}.Debug|x64.ActiveCfg = Debug|x64
		{068422A7-B2D0-44CA-BD41-A01960717945}.Debug|x64.Build.0 = Debug|x64
		{068422A7-B2D0-44CA-BD41-A01960717945}.Release|x64.ActiveCfg = Release|x64
		{068422A7-B2D0-44CA-BD41-A01960717945}.Release|x64.Build.0 = Release|x64
		{9D1DEE35-01EF-4174-A7E9-FBBB7F9BC099}.Debug|x64.ActiveCfg = Debug|x64
		{9D1DEE35-01EF-4174-A7E9-FBBB7F9BC099}.Debug|x64.Build.0 = Debug|x64
		{9D1DEE35-01EF-4174-A7E9-FBBB7F9BC099}.Release|x64.ActiveCfg = Release|x64
		{9D1DEE35-01EF-4174-A7E9-FBBB7F9BC099}.Release|x64.Build.0 = Release|x64
	EndGlobalSection
	GlobalSection(SolutionProperties) = preSolution
		HideSolutionNode = FALSE
	EndGlobalSection
	GlobalSection(ExtensibilityGlobals) = postSolution
		SolutionGuid = {00944196-F4F8-4F87-BB27-46C9460DA5C1}
	EndGlobalSection
EndGlobal
