
Microsoft Visual Studio Solution File, Format Version 12.00
# Visual Studio Version 17
VisualStudioVersion = 17.6.33829.357
MinimumVisualStudioVersion = 10.0.40219.1
Project("{8BC9CEB8-8B4A-11D0-8D11-00A0C91BC942}") = "Doxa", "Doxa\Doxa.vcxitems", "{D81F2737-6340-49C1-AE65-8D217415C67E}"
EndProject
Project("{8BC9CEB8-8B4A-11D0-8D11-00A0C91BC942}") = "Doxa.Test", "Doxa.Test\Doxa.Test.vcxproj", "{5723F19A-A7AB-45D0-A78C-B04FE035865F}"
EndProject
Global
	GlobalSection(SolutionConfigurationPlatforms) = preSolution
		Debug|x64 = Debug|x64
		Release|x64 = Release|x64
	EndGlobalSection
	GlobalSection(ProjectConfigurationPlatforms) = postSolution
		{5723F19A-A7AB-45D0-A78C-B04FE035865F}.Debug|x64.ActiveCfg = Debug|x64
		{5723F19A-A7AB-45D0-A78C-B04FE035865F}.Debug|x64.Build.0 = Debug|x64
		{5723F19A-A7AB-45D0-A78C-B04FE035865F}.Release|x64.ActiveCfg = Release|x64
		{5723F19A-A7AB-45D0-A78C-B04FE035865F}.Release|x64.Build.0 = Release|x64
	EndGlobalSection
	GlobalSection(SolutionProperties) = preSolution
		HideSolutionNode = FALSE
	EndGlobalSection
	GlobalSection(ExtensibilityGlobals) = postSolution
		SolutionGuid = {148C3EB0-D413-43A2-A7CD-B8BD21321540}
	EndGlobalSection
	GlobalSection(SharedMSBuildProjectFiles) = preSolution
		Doxa\Doxa.vcxitems*{5723f19a-a7ab-45d0-a78c-b04fe035865f}*SharedItemsImports = 4
		Doxa\Doxa.vcxitems*{d81f2737-6340-49c1-ae65-8d217415c67e}*SharedItemsImports = 9
	EndGlobalSection
EndGlobal
